
Microsoft Visual Studio Solution File, Format Version 12.00
Project("{FAE04EC0-301F-11D3-BF4B-00C04F79EFBC}") = "SZ", "SZ\SZ.csproj", "{65892962-96A4-41F6-9752-615A24C7A197}"
EndProject
Global
	GlobalSection(SolutionConfigurationPlatforms) = preSolution
		Debug|Any CPU = Debug|Any CPU
		Release|Any CPU = Release|Any CPU
	EndGlobalSection
	GlobalSection(ProjectConfigurationPlatforms) = postSolution
		{65892962-96A4-41F6-9752-615A24C7A197}.Debug|Any CPU.ActiveCfg = Debug|Any CPU
		{65892962-96A4-41F6-9752-615A24C7A197}.Debug|Any CPU.Build.0 = Debug|Any CPU
		{65892962-96A4-41F6-9752-615A24C7A197}.Release|Any CPU.ActiveCfg = Release|Any CPU
		{65892962-96A4-41F6-9752-615A24C7A197}.Release|Any CPU.Build.0 = Release|Any CPU
	EndGlobalSection
EndGlobal
